
Microsoft Visual Studio Solution File, Format Version 12.00
# Visual Studio Version 17
VisualStudioVersion = 17.14.36414.22
MinimumVisualStudioVersion = 10.0.40219.1
Project("{2150E333-8FDC-42A3-9474-1A3956D46DE8}") = "Solution Items", "Solution Items", "{8EC462FD-D22E-90A8-E5CE-7E832BA40C5D}"
	ProjectSection(SolutionItems) = preProject
		.gitignore = .gitignore
		generate_commits.py = generate_commits.py
		LOGGING_GUIDE.md = LOGGING_GUIDE.md
		README.md = README.md
	EndProjectSection
EndProject
Project("{FAE04EC0-301F-11D3-BF4B-00C04F79EFBC}") = "ProgrammingLearningApp", "ProgrammingLearningApp\ProgrammingLearningApp.csproj", "{B9E2B959-0972-86F6-6198-D9A8DA6ABA6E}"
EndProject
Project("{FAE04EC0-301F-11D3-BF4B-00C04F79EFBC}") = "ProgrammingLearningApp.Tests", "ProgrammingLearningApp.Tests\ProgrammingLearningApp.Tests.csproj", "{2CD9BBE5-571E-F69C-6A7C-76FF4C170578}"
EndProject
Project("{2150E333-8FDC-42A3-9474-1A3956D46DE8}") = "SampleExercises", "SampleExercises", "{02EA681E-C7D8-13C7-8484-4AC65E1B71E8}"
	ProjectSection(SolutionItems) = preProject
		SampleExercises\exercise1_simple.txt = SampleExercises\exercise1_simple.txt
		SampleExercises\exercise2_corridor.txt = SampleExercises\exercise2_corridor.txt
		SampleExercises\exercise3_maze.txt = SampleExercises\exercise3_maze.txt
		SampleExercises\exercise4_spiral.txt = SampleExercises\exercise4_spiral.txt
		SampleExercises\exercise5_zigzag.txt = SampleExercises\exercise5_zigzag.txt
	EndProjectSection
EndProject
Project("{2150E333-8FDC-42A3-9474-1A3956D46DE8}") = "SamplePrograms", "SamplePrograms", "{F1F1BF7A-F4A3-4A26-B808-DE64EC0284AB}"
	ProjectSection(SolutionItems) = preProject
		SamplePrograms\complex_example.txt = SamplePrograms\complex_example.txt
		SamplePrograms\solution_exercise1.txt = SamplePrograms\solution_exercise1.txt
		SamplePrograms\solution_exercise2.txt = SamplePrograms\solution_exercise2.txt
		SamplePrograms\solution_exercise3.txt = SamplePrograms\solution_exercise3.txt
	EndProjectSection
EndProject
Project("{2150E333-8FDC-42A3-9474-1A3956D46DE8}") = "Docs", "Docs", "{901659E2-211C-4BBE-98FD-1D05DB69D4E2}"
	ProjectSection(SolutionItems) = preProject
		Docs\Lab2Report.tex = Docs\Lab2Report.tex
		Docs\Lab3Report.tex = Docs\Lab3Report.tex
		Docs\ManualTestResults.xlsx = Docs\ManualTestResults.xlsx
		Docs\MSO Practicumopdracht 3 2025.pdf = Docs\MSO Practicumopdracht 3 2025.pdf
		Docs\TestScenarios.md = Docs\TestScenarios.md
	EndProjectSection
EndProject
Project("{2150E333-8FDC-42A3-9474-1A3956D46DE8}") = "NewFolder1", "NewFolder1", "{1AD388B3-B7D3-4F95-B4AC-9246EC17E178}"
EndProject
Global
	GlobalSection(SolutionConfigurationPlatforms) = preSolution
		Debug|Any CPU = Debug|Any CPU
		Release|Any CPU = Release|Any CPU
	EndGlobalSection
	GlobalSection(ProjectConfigurationPlatforms) = postSolution
		{B9E2B959-0972-86F6-6198-D9A8DA6ABA6E}.Debug|Any CPU.ActiveCfg = Debug|Any CPU
		{B9E2B959-0972-86F6-6198-D9A8DA6ABA6E}.Debug|Any CPU.Build.0 = Debug|Any CPU
		{B9E2B959-0972-86F6-6198-D9A8DA6ABA6E}.Release|Any CPU.ActiveCfg = Release|Any CPU
		{B9E2B959-0972-86F6-6198-D9A8DA6ABA6E}.Release|Any CPU.Build.0 = Release|Any CPU
		{2CD9BBE5-571E-F69C-6A7C-76FF4C170578}.Debug|Any CPU.ActiveCfg = Debug|Any CPU
		{2CD9BBE5-571E-F69C-6A7C-76FF4C170578}.Debug|Any CPU.Build.0 = Debug|Any CPU
		{2CD9BBE5-571E-F69C-6A7C-76FF4C170578}.Release|Any CPU.ActiveCfg = Release|Any CPU
		{2CD9BBE5-571E-F69C-6A7C-76FF4C170578}.Release|Any CPU.Build.0 = Release|Any CPU
	EndGlobalSection
	GlobalSection(SolutionProperties) = preSolution
		HideSolutionNode = FALSE
	EndGlobalSection
	GlobalSection(NestedProjects) = preSolution
		{02EA681E-C7D8-13C7-8484-4AC65E1B71E8} = {8EC462FD-D22E-90A8-E5CE-7E832BA40C5D}
		{F1F1BF7A-F4A3-4A26-B808-DE64EC0284AB} = {8EC462FD-D22E-90A8-E5CE-7E832BA40C5D}
		{901659E2-211C-4BBE-98FD-1D05DB69D4E2} = {8EC462FD-D22E-90A8-E5CE-7E832BA40C5D}
		{1AD388B3-B7D3-4F95-B4AC-9246EC17E178} = {8EC462FD-D22E-90A8-E5CE-7E832BA40C5D}
	EndGlobalSection
	GlobalSection(ExtensibilityGlobals) = postSolution
		SolutionGuid = {B321A829-E0C1-4B05-B461-43D61220707A}
	EndGlobalSection
EndGlobal
